
Microsoft Visual Studio Solution File, Format Version 12.00
# Visual Studio 15
VisualStudioVersion = 15.0.26730.15
MinimumVisualStudioVersion = 10.0.40219.1
Project("{9A19103F-16F7-4668-BE54-9A1E7A4F7556}") = "AssemblySharp", "AssemblySharp\AssemblySharp.csproj", "{212ED6BB-31B9-4876-AC5B-883898A14135}"
EndProject
Project("{FAE04EC0-301F-11D3-BF4B-00C04F79EFBC}") = "AssemblySharpTests", "AssemblySharpTests\AssemblySharpTests.csproj", "{3DBD3881-DB25-4AE8-A568-4ACB13B16154}"
EndProject
Global
	GlobalSection(SolutionConfigurationPlatforms) = preSolution
		Debug|Any CPU = Debug|Any CPU
		Release|Any CPU = Release|Any CPU
	EndGlobalSection
	GlobalSection(ProjectConfigurationPlatforms) = postSolution
		{212ED6BB-31B9-4876-AC5B-883898A14135}.Debug|Any CPU.ActiveCfg = Debug|Any CPU
		{212ED6BB-31B9-4876-AC5B-883898A14135}.Debug|Any CPU.Build.0 = Debug|Any CPU
		{212ED6BB-31B9-4876-AC5B-883898A14135}.Release|Any CPU.ActiveCfg = Release|Any CPU
		{212ED6BB-31B9-4876-AC5B-883898A14135}.Release|Any CPU.Build.0 = Release|Any CPU
		{3DBD3881-DB25-4AE8-A568-4ACB13B16154}.Debug|Any CPU.ActiveCfg = Debug|Any CPU
		{3DBD3881-DB25-4AE8-A568-4ACB13B16154}.Debug|Any CPU.Build.0 = Debug|Any CPU
		{3DBD3881-DB25-4AE8-A568-4ACB13B16154}.Release|Any CPU.ActiveCfg = Release|Any CPU
		{3DBD3881-DB25-4AE8-A568-4ACB13B16154}.Release|Any CPU.Build.0 = Release|Any CPU
	EndGlobalSection
	GlobalSection(SolutionProperties) = preSolution
		HideSolutionNode = FALSE
	EndGlobalSection
	GlobalSection(ExtensibilityGlobals) = postSolution
		SolutionGuid = {A10BB321-3677-46E3-A7FD-9613449C798C}
	EndGlobalSection
EndGlobal
